
Microsoft Visual Studio Solution File, Format Version 12.00
# Visual Studio Version 17
VisualStudioVersion = 17.4.33213.308
MinimumVisualStudioVersion = 10.0.40219.1
Project("{FAE04EC0-301F-11D3-BF4B-00C04F79EFBC}") = "Week5LogicalOperators", "Week5LogicalOperators\Week5LogicalOperators.csproj", "{518FCA97-C065-4C10-8773-0F5FB2845DBB}"
EndProject
Project("{FAE04EC0-301F-11D3-BF4B-00C04F79EFBC}") = "ANDOperaator", "ANDOperaator\ANDOperaator.csproj", "{9277D178-77FE-4BE2-A24B-2C0988C995E9}"
EndProject
Project("{FAE04EC0-301F-11D3-BF4B-00C04F79EFBC}") = "OROperator", "OROperator\OROperator.csproj", "{A9DC5641-5694-44FC-B55B-4E4045348E47}"
EndProject
Project("{FAE04EC0-301F-11D3-BF4B-00C04F79EFBC}") = "ANDRanges", "ANDRanges\ANDRanges.csproj", "{160DAFFE-CF03-4200-92DF-AFA427C2EDD1}"
EndProject
Global
	GlobalSection(SolutionConfigurationPlatforms) = preSolution
		Debug|Any CPU = Debug|Any CPU
		Release|Any CPU = Release|Any CPU
	EndGlobalSection
	GlobalSection(ProjectConfigurationPlatforms) = postSolution
		{518FCA97-C065-4C10-8773-0F5FB2845DBB}.Debug|Any CPU.ActiveCfg = Debug|Any CPU
		{518FCA97-C065-4C10-8773-0F5FB2845DBB}.Debug|Any CPU.Build.0 = Debug|Any CPU
		{518FCA97-C065-4C10-8773-0F5FB2845DBB}.Release|Any CPU.ActiveCfg = Release|Any CPU
		{518FCA97-C065-4C10-8773-0F5FB2845DBB}.Release|Any CPU.Build.0 = Release|Any CPU
		{9277D178-77FE-4BE2-A24B-2C0988C995E9}.Debug|Any CPU.ActiveCfg = Debug|Any CPU
		{9277D178-77FE-4BE2-A24B-2C0988C995E9}.Debug|Any CPU.Build.0 = Debug|Any CPU
		{9277D178-77FE-4BE2-A24B-2C0988C995E9}.Release|Any CPU.ActiveCfg = Release|Any CPU
		{9277D178-77FE-4BE2-A24B-2C0988C995E9}.Release|Any CPU.Build.0 = Release|Any CPU
		{A9DC5641-5694-44FC-B55B-4E4045348E47}.Debug|Any CPU.ActiveCfg = Debug|Any CPU
		{A9DC5641-5694-44FC-B55B-4E4045348E47}.Debug|Any CPU.Build.0 = Debug|Any CPU
		{A9DC5641-5694-44FC-B55B-4E4045348E47}.Release|Any CPU.ActiveCfg = Release|Any CPU
		{A9DC5641-5694-44FC-B55B-4E4045348E47}.Release|Any CPU.Build.0 = Release|Any CPU
		{160DAFFE-CF03-4200-92DF-AFA427C2EDD1}.Debug|Any CPU.ActiveCfg = Debug|Any CPU
		{160DAFFE-CF03-4200-92DF-AFA427C2EDD1}.Debug|Any CPU.Build.0 = Debug|Any CPU
		{160DAFFE-CF03-4200-92DF-AFA427C2EDD1}.Release|Any CPU.ActiveCfg = Release|Any CPU
		{160DAFFE-CF03-4200-92DF-AFA427C2EDD1}.Release|Any CPU.Build.0 = Release|Any CPU
	EndGlobalSection
	GlobalSection(SolutionProperties) = preSolution
		HideSolutionNode = FALSE
	EndGlobalSection
	GlobalSection(ExtensibilityGlobals) = postSolution
		SolutionGuid = {70DCDE91-3E7D-400D-A57E-556516284C71}
	EndGlobalSection
EndGlobal
